PODS:
  - GeoFeatures2 (0.1.0):
    - GeoFeatures2/Geometry (= 0.1.0)
  - GeoFeatures2/Geometry (0.1.0)
  - GeoFeatures2/Visualization (0.1.0)

DEPENDENCIES:
  - GeoFeatures2 (from `../`)
  - GeoFeatures2/Visualization (from `../`)

EXTERNAL SOURCES:
  GeoFeatures2:
    :path: ../

SPEC CHECKSUMS:
  GeoFeatures2: 6e15f5a87d96a2ba80e94f8c77792c7b8e622119

COCOAPODS: 0.39.0
